
Microsoft Visual Studio Solution File, Format Version 12.00
# Visual Studio 15
VisualStudioVersion = 15.0.28307.102
MinimumVisualStudioVersion = 10.0.40219.1
Project("{9A19103F-16F7-4668-BE54-9A1E7A4F7556}") = "TBD.FAQBot.AngularDemo", "TBD.FAQBot.AngularDemo.csproj", "{E6866B3D-2EF5-437A-85FC-E29E323E3C09}"
EndProject
Global
	GlobalSection(SolutionConfigurationPlatforms) = preSolution
		Debug|Any CPU = Debug|Any CPU
		Release|Any CPU = Release|Any CPU
	EndGlobalSection
	GlobalSection(ProjectConfigurationPlatforms) = postSolution
		{E6866B3D-2EF5-437A-85FC-E29E323E3C09}.Debug|Any CPU.ActiveCfg = Debug|Any CPU
		{E6866B3D-2EF5-437A-85FC-E29E323E3C09}.Debug|Any CPU.Build.0 = Debug|Any CPU
		{E6866B3D-2EF5-437A-85FC-E29E323E3C09}.Release|Any CPU.ActiveCfg = Release|Any CPU
		{E6866B3D-2EF5-437A-85FC-E29E323E3C09}.Release|Any CPU.Build.0 = Release|Any CPU
	EndGlobalSection
	GlobalSection(SolutionProperties) = preSolution
		HideSolutionNode = FALSE
	EndGlobalSection
	GlobalSection(ExtensibilityGlobals) = postSolution
		SolutionGuid = {DA3C1524-CA21-44D1-A733-BD882A8E14CA}
	EndGlobalSection
EndGlobal
